
Microsoft Visual Studio Solution File, Format Version 12.00
# Visual Studio Version 16
VisualStudioVersion = 16.0.30330.147
MinimumVisualStudioVersion = 10.0.40219.1
Project("{FAE04EC0-301F-11D3-BF4B-00C04F79EFBC}") = "Lab7", "Lab7\Lab7.csproj", "{F2972B31-B7BD-425F-8BA6-655203D977CC}"
EndProject
Global
	GlobalSection(SolutionConfigurationPlatforms) = preSolution
		Debug|Any CPU = Debug|Any CPU
		Release|Any CPU = Release|Any CPU
	EndGlobalSection
	GlobalSection(ProjectConfigurationPlatforms) = postSolution
		{F2972B31-B7BD-425F-8BA6-655203D977CC}.Debug|Any CPU.ActiveCfg = Debug|Any CPU
		{F2972B31-B7BD-425F-8BA6-655203D977CC}.Debug|Any CPU.Build.0 = Debug|Any CPU
		{F2972B31-B7BD-425F-8BA6-655203D977CC}.Release|Any CPU.ActiveCfg = Release|Any CPU
		{F2972B31-B7BD-425F-8BA6-655203D977CC}.Release|Any CPU.Build.0 = Release|Any CPU
	EndGlobalSection
	GlobalSection(SolutionProperties) = preSolution
		HideSolutionNode = FALSE
	EndGlobalSection
	GlobalSection(ExtensibilityGlobals) = postSolution
		SolutionGuid = {2AD186DD-3705-4584-BE19-2E365BB199CE}
	EndGlobalSection
EndGlobal
